
Microsoft Visual Studio Solution File, Format Version 12.00
# Visual Studio Version 17
VisualStudioVersion = 17.3.32901.215
MinimumVisualStudioVersion = 10.0.40219.1
Project("{FAE04EC0-301F-11D3-BF4B-00C04F79EFBC}") = "mysecondproject", "mysecondproject\mysecondproject.csproj", "{336AA091-5DAC-4AD8-8E78-02B1D0E4CBF7}"
EndProject
Global
	GlobalSection(SolutionConfigurationPlatforms) = preSolution
		Debug|Any CPU = Debug|Any CPU
		Release|Any CPU = Release|Any CPU
	EndGlobalSection
	GlobalSection(ProjectConfigurationPlatforms) = postSolution
		{336AA091-5DAC-4AD8-8E78-02B1D0E4CBF7}.Debug|Any CPU.ActiveCfg = Debug|Any CPU
		{336AA091-5DAC-4AD8-8E78-02B1D0E4CBF7}.Debug|Any CPU.Build.0 = Debug|Any CPU
		{336AA091-5DAC-4AD8-8E78-02B1D0E4CBF7}.Release|Any CPU.ActiveCfg = Release|Any CPU
		{336AA091-5DAC-4AD8-8E78-02B1D0E4CBF7}.Release|Any CPU.Build.0 = Release|Any CPU
	EndGlobalSection
	GlobalSection(SolutionProperties) = preSolution
		HideSolutionNode = FALSE
	EndGlobalSection
	GlobalSection(ExtensibilityGlobals) = postSolution
		SolutionGuid = {7DBA5FFF-B92A-488F-BFE9-84F78AF8395B}
	EndGlobalSection
EndGlobal
